
Microsoft Visual Studio Solution File, Format Version 12.00
# Visual Studio Version 17
VisualStudioVersion = 17.11.35208.52
MinimumVisualStudioVersion = 10.0.40219.1
Project("{FAE04EC0-301F-11D3-BF4B-00C04F79EFBC}") = "CheckBoxDemo", "CheckBoxDemo\CheckBoxDemo.csproj", "{BED60186-661B-4FDD-B2E8-47F5E932A04D}"
EndProject
Global
	GlobalSection(SolutionConfigurationPlatforms) = preSolution
		Debug|Any CPU = Debug|Any CPU
		Release|Any CPU = Release|Any CPU
	EndGlobalSection
	GlobalSection(ProjectConfigurationPlatforms) = postSolution
		{BED60186-661B-4FDD-B2E8-47F5E932A04D}.Debug|Any CPU.ActiveCfg = Debug|Any CPU
		{BED60186-661B-4FDD-B2E8-47F5E932A04D}.Debug|Any CPU.Build.0 = Debug|Any CPU
		{BED60186-661B-4FDD-B2E8-47F5E932A04D}.Release|Any CPU.ActiveCfg = Release|Any CPU
		{BED60186-661B-4FDD-B2E8-47F5E932A04D}.Release|Any CPU.Build.0 = Release|Any CPU
	EndGlobalSection
	GlobalSection(SolutionProperties) = preSolution
		HideSolutionNode = FALSE
	EndGlobalSection
	GlobalSection(ExtensibilityGlobals) = postSolution
		SolutionGuid = {424D3416-B0D7-449B-919F-605DE05A1635}
	EndGlobalSection
EndGlobal
